
Microsoft Visual Studio Solution File, Format Version 12.00
# Visual Studio Version 16
VisualStudioVersion = 16.0.29215.179
MinimumVisualStudioVersion = 10.0.40219.1
Project("{FAE04EC0-301F-11D3-BF4B-00C04F79EFBC}") = "WebAppReact", "WebAppReact\WebAppReact.csproj", "{D3DC15BE-2E86-4412-BFD1-1A664109217F}"
EndProject
Global
	GlobalSection(SolutionConfigurationPlatforms) = preSolution
		Debug|Any CPU = Debug|Any CPU
		Release|Any CPU = Release|Any CPU
	EndGlobalSection
	GlobalSection(ProjectConfigurationPlatforms) = postSolution
		{D3DC15BE-2E86-4412-BFD1-1A664109217F}.Debug|Any CPU.ActiveCfg = Debug|Any CPU
		{D3DC15BE-2E86-4412-BFD1-1A664109217F}.Debug|Any CPU.Build.0 = Debug|Any CPU
		{D3DC15BE-2E86-4412-BFD1-1A664109217F}.Release|Any CPU.ActiveCfg = Release|Any CPU
		{D3DC15BE-2E86-4412-BFD1-1A664109217F}.Release|Any CPU.Build.0 = Release|Any CPU
	EndGlobalSection
	GlobalSection(SolutionProperties) = preSolution
		HideSolutionNode = FALSE
	EndGlobalSection
	GlobalSection(ExtensibilityGlobals) = postSolution
		SolutionGuid = {B5386556-B6C9-4EBC-AECF-0A2B3B519444}
	EndGlobalSection
EndGlobal
