
Microsoft Visual Studio Solution File, Format Version 12.00
# Visual Studio 15
VisualStudioVersion = 15.0.28307.489
MinimumVisualStudioVersion = 10.0.40219.1
Project("{9A19103F-16F7-4668-BE54-9A1E7A4F7556}") = "LaC", "LaC.csproj", "{9AF92636-E54A-4F03-860F-2902A6957EE4}"
EndProject
Global
	GlobalSection(SolutionConfigurationPlatforms) = preSolution
		Debug|Any CPU = Debug|Any CPU
		Release|Any CPU = Release|Any CPU
	EndGlobalSection
	GlobalSection(ProjectConfigurationPlatforms) = postSolution
		{9AF92636-E54A-4F03-860F-2902A6957EE4}.Debug|Any CPU.ActiveCfg = Debug|Any CPU
		{9AF92636-E54A-4F03-860F-2902A6957EE4}.Debug|Any CPU.Build.0 = Debug|Any CPU
		{9AF92636-E54A-4F03-860F-2902A6957EE4}.Release|Any CPU.ActiveCfg = Release|Any CPU
		{9AF92636-E54A-4F03-860F-2902A6957EE4}.Release|Any CPU.Build.0 = Release|Any CPU
	EndGlobalSection
	GlobalSection(SolutionProperties) = preSolution
		HideSolutionNode = FALSE
	EndGlobalSection
	GlobalSection(ExtensibilityGlobals) = postSolution
		SolutionGuid = {58D79423-F647-4036-A552-D328BFE2C4C3}
	EndGlobalSection
EndGlobal
